
Microsoft Visual Studio Solution File, Format Version 12.00
# Visual Studio 14
VisualStudioVersion = 14.0.24720.0
MinimumVisualStudioVersion = 10.0.40219.1
Project("{FAE04EC0-301F-11D3-BF4B-00C04F79EFBC}") = "TemporalExpressions", "TemporalExpressions.csproj", "{61091993-6CD4-41C9-AA5E-C3844F6F5257}"
EndProject
Project("{FAE04EC0-301F-11D3-BF4B-00C04F79EFBC}") = "TemporalExpressions.Tests", "..\TemporalExpressions.Tests\TemporalExpressions.Tests.csproj", "{832462B5-7AD2-496A-BC0B-AF32B04356D6}"
EndProject
Global
	GlobalSection(SolutionConfigurationPlatforms) = preSolution
		Debug|Any CPU = Debug|Any CPU
		Release|Any CPU = Release|Any CPU
	EndGlobalSection
	GlobalSection(ProjectConfigurationPlatforms) = postSolution
		{61091993-6CD4-41C9-AA5E-C3844F6F5257}.Debug|Any CPU.ActiveCfg = Debug|Any CPU
		{61091993-6CD4-41C9-AA5E-C3844F6F5257}.Debug|Any CPU.Build.0 = Debug|Any CPU
		{61091993-6CD4-41C9-AA5E-C3844F6F5257}.Release|Any CPU.ActiveCfg = Release|Any CPU
		{61091993-6CD4-41C9-AA5E-C3844F6F5257}.Release|Any CPU.Build.0 = Release|Any CPU
		{832462B5-7AD2-496A-BC0B-AF32B04356D6}.Debug|Any CPU.ActiveCfg = Debug|Any CPU
		{832462B5-7AD2-496A-BC0B-AF32B04356D6}.Debug|Any CPU.Build.0 = Debug|Any CPU
		{832462B5-7AD2-496A-BC0B-AF32B04356D6}.Release|Any CPU.ActiveCfg = Release|Any CPU
		{832462B5-7AD2-496A-BC0B-AF32B04356D6}.Release|Any CPU.Build.0 = Release|Any CPU
	EndGlobalSection
	GlobalSection(SolutionProperties) = preSolution
		HideSolutionNode = FALSE
	EndGlobalSection
EndGlobal
